
Microsoft Visual Studio Solution File, Format Version 12.00
# Visual Studio Version 17
VisualStudioVersion = 17.13.35828.75 d17.13
MinimumVisualStudioVersion = 10.0.40219.1
Project("{FAE04EC0-301F-11D3-BF4B-00C04F79EFBC}") = "ApiPujas", "ApiPujas\ApiPujas.csproj", "{DAB15854-A553-4DF5-A288-2EF9FB689762}"
EndProject
Global
	GlobalSection(SolutionConfigurationPlatforms) = preSolution
		Debug|Any CPU = Debug|Any CPU
		Release|Any CPU = Release|Any CPU
	EndGlobalSection
	GlobalSection(ProjectConfigurationPlatforms) = postSolution
		{DAB15854-A553-4DF5-A288-2EF9FB689762}.Debug|Any CPU.ActiveCfg = Debug|Any CPU
		{DAB15854-A553-4DF5-A288-2EF9FB689762}.Debug|Any CPU.Build.0 = Debug|Any CPU
		{DAB15854-A553-4DF5-A288-2EF9FB689762}.Release|Any CPU.ActiveCfg = Release|Any CPU
		{DAB15854-A553-4DF5-A288-2EF9FB689762}.Release|Any CPU.Build.0 = Release|Any CPU
	EndGlobalSection
	GlobalSection(SolutionProperties) = preSolution
		HideSolutionNode = FALSE
	EndGlobalSection
	GlobalSection(ExtensibilityGlobals) = postSolution
		SolutionGuid = {44F13C93-CC61-4C24-929E-043AE65AF067}
	EndGlobalSection
EndGlobal
